
Microsoft Visual Studio Solution File, Format Version 12.00
Project("{FAE04EC0-301F-11D3-BF4B-00C04F79EFBC}") = "TheScoreBook", "TheScoreBook\TheScoreBook.csproj", "{A8A48A47-1F76-4C66-9E48-7A48324BA232}"
EndProject
Project("{FAE04EC0-301F-11D3-BF4B-00C04F79EFBC}") = "TheScoreBook.Android", "TheScoreBook.Android\TheScoreBook.Android.csproj", "{DE63A0E9-F975-4FCD-B560-6D739E8E0267}"
EndProject
Project("{FAE04EC0-301F-11D3-BF4B-00C04F79EFBC}") = "TheScoreBook.iOS", "TheScoreBook.iOS\TheScoreBook.iOS.csproj", "{DC5E72CD-01D7-4E3D-8839-FA8DB5D04A16}"
EndProject
Global
	GlobalSection(SolutionConfigurationPlatforms) = preSolution
		Ad-Hoc|iPhone = Ad-Hoc|iPhone
		AppStore|iPhone = AppStore|iPhone
		Debug|Any CPU = Debug|Any CPU
		Debug|iPhone = Debug|iPhone
		Debug|iPhoneSimulator = Debug|iPhoneSimulator
		Release|Any CPU = Release|Any CPU
		Release|iPhone = Release|iPhone
		Release|iPhoneSimulator = Release|iPhoneSimulator
	EndGlobalSection
	GlobalSection(ProjectConfigurationPlatforms) = postSolution
		{A8A48A47-1F76-4C66-9E48-7A48324BA232}.Ad-Hoc|iPhone.ActiveCfg = Debug|Any CPU
		{A8A48A47-1F76-4C66-9E48-7A48324BA232}.Ad-Hoc|iPhone.Build.0 = Debug|Any CPU
		{A8A48A47-1F76-4C66-9E48-7A48324BA232}.AppStore|iPhone.ActiveCfg = Debug|Any CPU
		{A8A48A47-1F76-4C66-9E48-7A48324BA232}.AppStore|iPhone.Build.0 = Debug|Any CPU
		{A8A48A47-1F76-4C66-9E48-7A48324BA232}.Debug|Any CPU.ActiveCfg = Debug|Any CPU
		{A8A48A47-1F76-4C66-9E48-7A48324BA232}.Debug|Any CPU.Build.0 = Debug|Any CPU
		{A8A48A47-1F76-4C66-9E48-7A48324BA232}.Debug|iPhone.ActiveCfg = Debug|Any CPU
		{A8A48A47-1F76-4C66-9E48-7A48324BA232}.Debug|iPhone.Build.0 = Debug|Any CPU
		{A8A48A47-1F76-4C66-9E48-7A48324BA232}.Debug|iPhoneSimulator.ActiveCfg = Debug|Any CPU
		{A8A48A47-1F76-4C66-9E48-7A48324BA232}.Debug|iPhoneSimulator.Build.0 = Debug|Any CPU
		{A8A48A47-1F76-4C66-9E48-7A48324BA232}.Release|Any CPU.ActiveCfg = Release|Any CPU
		{A8A48A47-1F76-4C66-9E48-7A48324BA232}.Release|Any CPU.Build.0 = Release|Any CPU
		{A8A48A47-1F76-4C66-9E48-7A48324BA232}.Release|iPhone.ActiveCfg = Release|Any CPU
		{A8A48A47-1F76-4C66-9E48-7A48324BA232}.Release|iPhone.Build.0 = Release|Any CPU
		{A8A48A47-1F76-4C66-9E48-7A48324BA232}.Release|iPhoneSimulator.ActiveCfg = Release|Any CPU
		{A8A48A47-1F76-4C66-9E48-7A48324BA232}.Release|iPhoneSimulator.Build.0 = Release|Any CPU
		{DE63A0E9-F975-4FCD-B560-6D739E8E0267}.Ad-Hoc|iPhone.ActiveCfg = Debug|Any CPU
		{DE63A0E9-F975-4FCD-B560-6D739E8E0267}.Ad-Hoc|iPhone.Build.0 = Debug|Any CPU
		{DE63A0E9-F975-4FCD-B560-6D739E8E0267}.Ad-Hoc|iPhone.Deploy.0 = Debug|Any CPU
		{DE63A0E9-F975-4FCD-B560-6D739E8E0267}.AppStore|iPhone.ActiveCfg = Debug|Any CPU
		{DE63A0E9-F975-4FCD-B560-6D739E8E0267}.AppStore|iPhone.Build.0 = Debug|Any CPU
		{DE63A0E9-F975-4FCD-B560-6D739E8E0267}.AppStore|iPhone.Deploy.0 = Debug|Any CPU
		{DE63A0E9-F975-4FCD-B560-6D739E8E0267}.Debug|Any CPU.ActiveCfg = Debug|Any CPU
		{DE63A0E9-F975-4FCD-B560-6D739E8E0267}.Debug|Any CPU.Build.0 = Debug|Any CPU
		{DE63A0E9-F975-4FCD-B560-6D739E8E0267}.Debug|Any CPU.Deploy.0 = Debug|Any CPU
		{DE63A0E9-F975-4FCD-B560-6D739E8E0267}.Debug|iPhone.ActiveCfg = Debug|Any CPU
		{DE63A0E9-F975-4FCD-B560-6D739E8E0267}.Debug|iPhone.Build.0 = Debug|Any CPU
		{DE63A0E9-F975-4FCD-B560-6D739E8E0267}.Debug|iPhone.Deploy.0 = Debug|Any CPU
		{DE63A0E9-F975-4FCD-B560-6D739E8E0267}.Debug|iPhoneSimulator.ActiveCfg = Debug|Any CPU
		{DE63A0E9-F975-4FCD-B560-6D739E8E0267}.Debug|iPhoneSimulator.Build.0 = Debug|Any CPU
		{DE63A0E9-F975-4FCD-B560-6D739E8E0267}.Debug|iPhoneSimulator.Deploy.0 = Debug|Any CPU
		{DE63A0E9-F975-4FCD-B560-6D739E8E0267}.Release|Any CPU.ActiveCfg = Release|Any CPU
		{DE63A0E9-F975-4FCD-B560-6D739E8E0267}.Release|Any CPU.Build.0 = Release|Any CPU
		{DE63A0E9-F975-4FCD-B560-6D739E8E0267}.Release|Any CPU.Deploy.0 = Release|Any CPU
		{DE63A0E9-F975-4FCD-B560-6D739E8E0267}.Release|iPhone.ActiveCfg = Release|Any CPU
		{DE63A0E9-F975-4FCD-B560-6D739E8E0267}.Release|iPhone.Build.0 = Release|Any CPU
		{DE63A0E9-F975-4FCD-B560-6D739E8E0267}.Release|iPhone.Deploy.0 = Release|Any CPU
		{DE63A0E9-F975-4FCD-B560-6D739E8E0267}.Release|iPhoneSimulator.ActiveCfg = Release|Any CPU
		{DE63A0E9-F975-4FCD-B560-6D739E8E0267}.Release|iPhoneSimulator.Build.0 = Release|Any CPU
		{DE63A0E9-F975-4FCD-B560-6D739E8E0267}.Release|iPhoneSimulator.Deploy.0 = Release|Any CPU
		{DC5E72CD-01D7-4E3D-8839-FA8DB5D04A16}.Ad-Hoc|iPhone.ActiveCfg = Ad-Hoc|iPhone
		{DC5E72CD-01D7-4E3D-8839-FA8DB5D04A16}.Ad-Hoc|iPhone.Build.0 = Ad-Hoc|iPhone
		{DC5E72CD-01D7-4E3D-8839-FA8DB5D04A16}.Ad-Hoc|iPhone.Deploy.0 = Ad-Hoc|iPhone
		{DC5E72CD-01D7-4E3D-8839-FA8DB5D04A16}.AppStore|iPhone.ActiveCfg = AppStore|iPhone
		{DC5E72CD-01D7-4E3D-8839-FA8DB5D04A16}.AppStore|iPhone.Build.0 = AppStore|iPhone
		{DC5E72CD-01D7-4E3D-8839-FA8DB5D04A16}.AppStore|iPhone.Deploy.0 = AppStore|iPhone
		{DC5E72CD-01D7-4E3D-8839-FA8DB5D04A16}.Debug|Any CPU.ActiveCfg = Debug|iPhoneSimulator
		{DC5E72CD-01D7-4E3D-8839-FA8DB5D04A16}.Debug|Any CPU.Build.0 = Debug|iPhoneSimulator
		{DC5E72CD-01D7-4E3D-8839-FA8DB5D04A16}.Debug|Any CPU.Deploy.0 = Debug|iPhoneSimulator
		{DC5E72CD-01D7-4E3D-8839-FA8DB5D04A16}.Debug|iPhone.ActiveCfg = Debug|iPhone
		{DC5E72CD-01D7-4E3D-8839-FA8DB5D04A16}.Debug|iPhone.Build.0 = Debug|iPhone
		{DC5E72CD-01D7-4E3D-8839-FA8DB5D04A16}.Debug|iPhone.Deploy.0 = Debug|iPhone
		{DC5E72CD-01D7-4E3D-8839-FA8DB5D04A16}.Debug|iPhoneSimulator.ActiveCfg = Debug|iPhoneSimulator
		{DC5E72CD-01D7-4E3D-8839-FA8DB5D04A16}.Debug|iPhoneSimulator.Build.0 = Debug|iPhoneSimulator
		{DC5E72CD-01D7-4E3D-8839-FA8DB5D04A16}.Debug|iPhoneSimulator.Deploy.0 = Debug|iPhoneSimulator
		{DC5E72CD-01D7-4E3D-8839-FA8DB5D04A16}.Release|Any CPU.ActiveCfg = Release|iPhoneSimulator
		{DC5E72CD-01D7-4E3D-8839-FA8DB5D04A16}.Release|Any CPU.Build.0 = Release|iPhoneSimulator
		{DC5E72CD-01D7-4E3D-8839-FA8DB5D04A16}.Release|Any CPU.Deploy.0 = Release|iPhoneSimulator
		{DC5E72CD-01D7-4E3D-8839-FA8DB5D04A16}.Release|iPhone.ActiveCfg = Release|iPhone
		{DC5E72CD-01D7-4E3D-8839-FA8DB5D04A16}.Release|iPhone.Build.0 = Release|iPhone
		{DC5E72CD-01D7-4E3D-8839-FA8DB5D04A16}.Release|iPhone.Deploy.0 = Release|iPhone
		{DC5E72CD-01D7-4E3D-8839-FA8DB5D04A16}.Release|iPhoneSimulator.ActiveCfg = Release|iPhoneSimulator
		{DC5E72CD-01D7-4E3D-8839-FA8DB5D04A16}.Release|iPhoneSimulator.Build.0 = Release|iPhoneSimulator
		{DC5E72CD-01D7-4E3D-8839-FA8DB5D04A16}.Release|iPhoneSimulator.Deploy.0 = Release|iPhoneSimulator
	EndGlobalSection
EndGlobal
